<?xml version="1.0" encoding="utf-8"?>
<Project ToolsVersion="4.0" xmlns="http://schemas.microsoft.com/developer/msbuild/2003">
  <ItemGroup>
    <ClCompile Include="..\src\cJSON\cjson.c">
      <Filter>cjson</Filter>
    </ClCompile>
    <ClCompile Include="..\src\AssetFile.cpp" />
    <ClCompile Include="..\src\ExportModel.cpp" />
    <ClCompile Include="..\src\ExportShader.cpp" />
    <ClCompile Include="..\src\ExportTexture.cpp" />
    <ClCompile Include="..\src\ResourcePackager.cpp" />
  </ItemGroup>
  <ItemGroup>
    <Filter Include="cjson">
      <UniqueIdentifier>{ec2ca795-39ae-418b-8ae4-9873c2796ccd}</UniqueIdentifier>
    </Filter>
  </ItemGroup>
  <ItemGroup>
    <ClInclude Include="..\src\cJSON\cjson.h">
      <Filter>cjson</Filter>
    </ClInclude>
    <ClInclude Include="..\src\AssetFile.hpp" />
    <ClInclude Include="..\src\ResourceUtilities.hpp" />
    <ClInclude Include="..\src\ExportModel.hpp" />
    <ClInclude Include="..\src\ExportShader.hpp" />
    <ClInclude Include="..\src\ExportTexture.hpp" />
  </ItemGroup>
  <ItemGroup>
    <None Include="..\..\..\assets\assets.json" />
  </ItemGroup>
</Project>